// !$*UTF8*$!
{
	archiveVersion = 1;
	classes = {
	};
	objectVersion = 46;
	objects = {

/* Begin PBXBuildFile section */
		E22C27841D1713B100415ABF /* AppDelegate.swift in Sources */ = {isa = PBXBuildFile; fileRef = E22C27831D1713B100415ABF /* AppDelegate.swift */; };
		E22C27861D1713B200415ABF /* ViewController.swift in Sources */ = {isa = PBXBuildFile; fileRef = E22C27851D1713B200415ABF /* ViewController.swift */; };
		E22C27891D1713B200415ABF /* Main.storyboard in Resources */ = {isa = PBXBuildFile; fileRef = E22C27871D1713B200415ABF /* Main.storyboard */; };
		E22C278B1D1713B200415ABF /* Assets.xcassets in Resources */ = {isa = PBXBuildFile; fileRef = E22C278A1D1713B200415ABF /* Assets.xcassets */; };
		E22C278E1D1713B200415ABF /* LaunchScreen.storyboard in Resources */ = {isa = PBXBuildFile; fileRef = E22C278C1D1713B200415ABF /* LaunchScreen.storyboard */; };
		E22C27991D1713B200415ABF /* Unit_UI_Tests_PlayTests.swift in Sources */ = {isa = PBXBuildFile; fileRef = E22C27981D1713B200415ABF /* Unit_UI_Tests_PlayTests.swift */; };
		E22C27A41D1713B200415ABF /* Unit_UI_Tests_PlayUITests.swift in Sources */ = {isa = PBXBuildFile; fileRef = E22C27A31D1713B200415ABF /* Unit_UI_Tests_PlayUITests.swift */; };
/* End PBXBuildFile section */

/* Begin PBXContainerItemProxy section */
		E22C27951D1713B200415ABF /* PBXContainerItemProxy */ = {
			isa = PBXContainerItemProxy;
			containerPortal = E22C27781D1713B100415ABF /* Project object */;
			proxyType = 1;
			remoteGlobalIDString = E22C277F1D1713B100415ABF;
			remoteInfo = Unit_UI_Tests_Play;
		};
		E22C27A01D1713B200415ABF /* PBXContainerItemProxy */ = {
			isa = PBXContainerItemProxy;
			containerPortal = E22C27781D1713B100415ABF /* Project object */;
			proxyType = 1;
			remoteGlobalIDString = E22C277F1D1713B100415ABF;
			remoteInfo = Unit_UI_Tests_Play;
		};
/* End PBXContainerItemProxy section */

/* Begin PBXFileReference section */
		E22C27801D1713B100415ABF /* Unit_UI_Tests_Play.app */ = {isa = PBXFileReference; explicitFileType = wrapper.application; includeInIndex = 0; path = Unit_UI_Tests_Play.app; sourceTree = BUILT_PRODUCTS_DIR; };
		E22C27831D1713B100415ABF /* AppDelegate.swift */ = {isa = PBXFileReference; lastKnownFileType = sourcecode.swift; path = AppDelegate.swift; sourceTree = "<group>"; };
		E22C27851D1713B200415ABF /* ViewController.swift */ = {isa = PBXFileReference; lastKnownFileType = sourcecode.swift; path = ViewController.swift; sourceTree = "<group>"; };
		E22C27881D1713B200415ABF /* Base */ = {isa = PBXFileReference; lastKnownFileType = file.storyboard; name = Base; path = Base.lproj/Main.storyboard; sourceTree = "<group>"; };
		E22C278A1D1713B200415ABF /* Assets.xcassets */ = {isa = PBXFileReference; lastKnownFileType = folder.assetcatalog; path = Assets.xcassets; sourceTree = "<group>"; };
		E22C278D1D1713B200415ABF /* Base */ = {isa = PBXFileReference; lastKnownFileType = file.storyboard; name = Base; path = Base.lproj/LaunchScreen.storyboard; sourceTree = "<group>"; };
		E22C278F1D1713B200415ABF /* Info.plist */ = {isa = PBXFileReference; lastKnownFileType = text.plist.xml; path = Info.plist; sourceTree = "<group>"; };
		E22C27941D1713B200415ABF /* Unit_UI_Tests_PlayTests.xctest */ = {isa = PBXFileReference; explicitFileType = wrapper.cfbundle; includeInIndex = 0; path = Unit_UI_Tests_PlayTests.xctest; sourceTree = BUILT_PRODUCTS_DIR; };
		E22C27981D1713B200415ABF /* Unit_UI_Tests_PlayTests.swift */ = {isa = PBXFileReference; lastKnownFileType = sourcecode.swift; path = Unit_UI_Tests_PlayTests.swift; sourceTree = "<group>"; };
		E22C279A1D1713B200415ABF /* Info.plist */ = {isa = PBXFileReference; lastKnownFileType = text.plist.xml; path = Info.plist; sourceTree = "<group>"; };
		E22C279F1D1713B200415ABF /* Unit_UI_Tests_PlayUITests.xctest */ = {isa = PBXFileReference; explicitFileType = wrapper.cfbundle; includeInIndex = 0; path = Unit_UI_Tests_PlayUITests.xctest; sourceTree = BUILT_PRODUCTS_DIR; };
		E22C27A31D1713B200415ABF /* Unit_UI_Tests_PlayUITests.swift */ = {isa = PBXFileReference; lastKnownFileType = sourcecode.swift; path = Unit_UI_Tests_PlayUITests.swift; sourceTree = "<group>"; };
		E22C27A51D1713B200415ABF /* Info.plist */ = {isa = PBXFileReference; lastKnownFileType = text.plist.xml; path = Info.plist; sourceTree = "<group>"; };
/* End PBXFileReference section */

/* Begin PBXFrameworksBuildPhase section */
		E22C277D1D1713B100415ABF /* Frameworks */ = {
			isa = PBXFrameworksBuildPhase;
			buildActionMask = 2147483647;
			files = (
			);
			runOnlyForDeploymentPostprocessing = 0;
		};
		E22C27911D1713B200415ABF /* Frameworks */ = {
			isa = PBXFrameworksBuildPhase;
			buildActionMask = 2147483647;
			files = (
			);
			runOnlyForDeploymentPostprocessing = 0;
		};
		E22C279C1D1713B200415ABF /* Frameworks */ = {
			isa = PBXFrameworksBuildPhase;
			buildActionMask = 2147483647;
			files = (
			);
			runOnlyForDeploymentPostprocessing = 0;
		};
/* End PBXFrameworksBuildPhase section */

/* Begin PBXGroup section */
		E22C27771D1713B100415ABF = {
			isa = PBXGroup;
			children = (
				E22C27821D1713B100415ABF /* Unit_UI_Tests_Play */,
				E22C27971D1713B200415ABF /* Unit_UI_Tests_PlayTests */,
				E22C27A21D1713B200415ABF /* Unit_UI_Tests_PlayUITests */,
				E22C27811D1713B100415ABF /* Products */,
			);
			sourceTree = "<group>";
		};
		E22C27811D1713B100415ABF /* Products */ = {
			isa = PBXGroup;
			children = (
				E22C27801D1713B100415ABF /* Unit_UI_Tests_Play.app */,
				E22C27941D1713B200415ABF /* Unit_UI_Tests_PlayTests.xctest */,
				E22C279F1D1713B200415ABF /* Unit_UI_Tests_PlayUITests.xctest */,
			);
			name = Products;
			sourceTree = "<group>";
		};
		E22C27821D1713B100415ABF /* Unit_UI_Tests_Play */ = {
			isa = PBXGroup;
			children = (
				E22C27831D1713B100415ABF /* AppDelegate.swift */,
				E22C27851D1713B200415ABF /* ViewController.swift */,
				E22C27871D1713B200415ABF /* Main.storyboard */,
				E22C278A1D1713B200415ABF /* Assets.xcassets */,
				E22C278C1D1713B200415ABF /* LaunchScreen.storyboard */,
				E22C278F1D1713B200415ABF /* Info.plist */,
			);
			path = Unit_UI_Tests_Play;
			sourceTree = "<group>";
		};
		E22C27971D1713B200415ABF /* Unit_UI_Tests_PlayTests */ = {
			isa = PBXGroup;
			children = (
				E22C27981D1713B200415ABF /* Unit_UI_Tests_PlayTests.swift */,
				E22C279A1D1713B200415ABF /* Info.plist */,
			);
			path = Unit_UI_Tests_PlayTests;
			sourceTree = "<group>";
		};
		E22C27A21D1713B200415ABF /* Unit_UI_Tests_PlayUITests */ = {
			isa = PBXGroup;
			children = (
				E22C27A31D1713B200415ABF /* Unit_UI_Tests_PlayUITests.swift */,
				E22C27A51D1713B200415ABF /* Info.plist */,
			);
			path = Unit_UI_Tests_PlayUITests;
			sourceTree = "<group>";
		};
/* End PBXGroup section */

/* Begin PBXNativeTarget section */
		E22C277F1D1713B100415ABF /* Unit_UI_Tests_Play */ = {
			isa = PBXNativeTarget;
			buildConfigurationList = E22C27A81D1713B200415ABF /* Build configuration list for PBXNativeTarget "Unit_UI_Tests_Play" */;
			buildPhases = (
				E22C277C1D1713B100415ABF /* Sources */,
				E22C277D1D1713B100415ABF /* Frameworks */,
				E22C277E1D1713B100415ABF /* Resources */,
			);
			buildRules = (
			);
			dependencies = (
			);
			name = Unit_UI_Tests_Play;
			productName = Unit_UI_Tests_Play;
			productReference = E22C27801D1713B100415ABF /* Unit_UI_Tests_Play.app */;
			productType = "com.apple.product-type.application";
		};
		E22C27931D1713B200415ABF /* Unit_UI_Tests_PlayTests */ = {
			isa = PBXNativeTarget;
			buildConfigurationList = E22C27AB1D1713B200415ABF /* Build configuration list for PBXNativeTarget "Unit_UI_Tests_PlayTests" */;
			buildPhases = (
				E22C27901D1713B200415ABF /* Sources */,
				E22C27911D1713B200415ABF /* Frameworks */,
				E22C27921D1713B200415ABF /* Resources */,
			);
			buildRules = (
			);
			dependencies = (
				E22C27961D1713B200415ABF /* PBXTargetDependency */,
			);
			name = Unit_UI_Tests_PlayTests;
			productName = Unit_UI_Tests_PlayTests;
			productReference = E22C27941D1713B200415ABF /* Unit_UI_Tests_PlayTests.xctest */;
			productType = "com.apple.product-type.bundle.unit-test";
		};
		E22C279E1D1713B200415ABF /* Unit_UI_Tests_PlayUITests */ = {
			isa = PBXNativeTarget;
			buildConfigurationList = E22C27AE1D1713B200415ABF /* Build configuration list for PBXNativeTarget "Unit_UI_Tests_PlayUITests" */;
			buildPhases = (
				E22C279B1D1713B200415ABF /* Sources */,
				E22C279C1D1713B200415ABF /* Frameworks */,
				E22C279D1D1713B200415ABF /* Resources */,
			);
			buildRules = (
			);
			dependencies = (
				E22C27A11D1713B200415ABF /* PBXTargetDependency */,
			);
			name = Unit_UI_Tests_PlayUITests;
			productName = Unit_UI_Tests_PlayUITests;
			productReference = E22C279F1D1713B200415ABF /* Unit_UI_Tests_PlayUITests.xctest */;
			productType = "com.apple.product-type.bundle.ui-testing";
		};
/* End PBXNativeTarget section */

/* Begin PBXProject section */
		E22C27781D1713B100415ABF /* Project object */ = {
			isa = PBXProject;
			attributes = {
				LastSwiftUpdateCheck = 0730;
				LastUpgradeCheck = 0730;
				ORGANIZATIONNAME = Benobab;
				TargetAttributes = {
					E22C277F1D1713B100415ABF = {
						CreatedOnToolsVersion = 7.3.1;
					};
					E22C27931D1713B200415ABF = {
						CreatedOnToolsVersion = 7.3.1;
						TestTargetID = E22C277F1D1713B100415ABF;
					};
					E22C279E1D1713B200415ABF = {
						CreatedOnToolsVersion = 7.3.1;
						TestTargetID = E22C277F1D1713B100415ABF;
					};
				};
			};
			buildConfigurationList = E22C277B1D1713B100415ABF /* Build configuration list for PBXProject "Unit_UI_Tests_Play" */;
			compatibilityVersion = "Xcode 3.2";
			developmentRegion = English;
			hasScannedForEncodings = 0;
			knownRegions = (
				en,
				Base,
			);
			mainGroup = E22C27771D1713B100415ABF;
			productRefGroup = E22C27811D1713B100415ABF /* Products */;
			projectDirPath = "";
			projectRoot = "";
			targets = (
				E22C277F1D1713B100415ABF /* Unit_UI_Tests_Play */,
				E22C27931D1713B200415ABF /* Unit_UI_Tests_PlayTests */,
				E22C279E1D1713B200415ABF /* Unit_UI_Tests_PlayUITests */,
			);
		};
/* End PBXProject section */

/* Begin PBXResourcesBuildPhase section */
		E22C277E1D1713B100415ABF /* Resources */ = {
			isa = PBXResourcesBuildPhase;
			buildActionMask = 2147483647;
			files = (
				E22C278E1D1713B200415ABF /* LaunchScreen.storyboard in Resources */,
				E22C278B1D1713B200415ABF /* Assets.xcassets in Resources */,
				E22C27891D1713B200415ABF /* Main.storyboard in Resources */,
			);
			runOnlyForDeploymentPostprocessing = 0;
		};
		E22C27921D1713B200415ABF /* Resources */ = {
			isa = PBXResourcesBuildPhase;
			buildActionMask = 2147483647;
			files = (
			);
			runOnlyForDeploymentPostprocessing = 0;
		};
		E22C279D1D1713B200415ABF /* Resources */ = {
			isa = PBXResourcesBuildPhase;
			buildActionMask = 2147483647;
			files = (
			);
			runOnlyForDeploymentPostprocessing = 0;
		};
/* End PBXResourcesBuildPhase section */

/* Begin PBXSourcesBuildPhase section */
		E22C277C1D1713B100415ABF /* Sources */ = {
			isa = PBXSourcesBuildPhase;
			buildActionMask = 2147483647;
			files = (
				E22C27861D1713B200415ABF /* ViewController.swift in Sources */,
				E22C27841D1713B100415ABF /* AppDelegate.swift in Sources */,
			);
			runOnlyForDeploymentPostprocessing = 0;
		};
		E22C27901D1713B200415ABF /* Sources */ = {
			isa = PBXSourcesBuildPhase;
			buildActionMask = 2147483647;
			files = (
				E22C27991D1713B200415ABF /* Unit_UI_Tests_PlayTests.swift in Sources */,
			);
			runOnlyForDeploymentPostprocessing = 0;
		};
		E22C279B1D1713B200415ABF /* Sources */ = {
			isa = PBXSourcesBuildPhase;
			buildActionMask = 2147483647;
			files = (
				E22C27A41D1713B200415ABF /* Unit_UI_Tests_PlayUITests.swift in Sources */,
			);
			runOnlyForDeploymentPostprocessing = 0;
		};
/* End PBXSourcesBuildPhase section */

/* Begin PBXTargetDependency section */
		E22C27961D1713B200415ABF /* PBXTargetDependency */ = {
			isa = PBXTargetDependency;
			target = E22C277F1D1713B100415ABF /* Unit_UI_Tests_Play */;
			targetProxy = E22C27951D1713B200415ABF /* PBXContainerItemProxy */;
		};
		E22C27A11D1713B200415ABF /* PBXTargetDependency */ = {
			isa = PBXTargetDependency;
			target = E22C277F1D1713B100415ABF /* Unit_UI_Tests_Play */;
			targetProxy = E22C27A01D1713B200415ABF /* PBXContainerItemProxy */;
		};
/* End PBXTargetDependency section */

/* Begin PBXVariantGroup section */
		E22C27871D1713B200415ABF /* Main.storyboard */ = {
			isa = PBXVariantGroup;
			children = (
				E22C27881D1713B200415ABF /* Base */,
			);
			name = Main.storyboard;
			sourceTree = "<group>";
		};
		E22C278C1D1713B200415ABF /* LaunchScreen.storyboard */ = {
			isa = PBXVariantGroup;
			children = (
				E22C278D1D1713B200415ABF /* Base */,
			);
			name = LaunchScreen.storyboard;
			sourceTree = "<group>";
		};
/* End PBXVariantGroup section */

/* Begin XCBuildConfiguration section */
		E22C27A61D1713B200415ABF /* Debug */ = {
			isa = XCBuildConfiguration;
			buildSettings = {
				ALWAYS_SEARCH_USER_PATHS = NO;
				CLANG_ANALYZER_NONNULL = YES;
				CLANG_CXX_LANGUAGE_STANDARD = "gnu++0x";
				CLANG_CXX_LIBRARY = "libc++";
				CLANG_ENABLE_MODULES = YES;
				CLANG_ENABLE_OBJC_ARC = YES;
				CLANG_WARN_BOOL_CONVERSION = YES;
				CLANG_WARN_CONSTANT_CONVERSION = YES;
				CLANG_WARN_DIRECT_OBJC_ISA_USAGE = YES_ERROR;
				CLANG_WARN_EMPTY_BODY = YES;
				CLANG_WARN_ENUM_CONVERSION = YES;
				CLANG_WARN_INT_CONVERSION = YES;
				CLANG_WARN_OBJC_ROOT_CLASS = YES_ERROR;
				CLANG_WARN_UNREACHABLE_CODE = YES;
				CLANG_WARN__DUPLICATE_METHOD_MATCH = YES;
				"CODE_SIGN_IDENTITY[sdk=iphoneos*]" = "iPhone Developer";
				COPY_PHASE_STRIP = NO;
				DEBUG_INFORMATION_FORMAT = dwarf;
				ENABLE_STRICT_OBJC_MSGSEND = YES;
				ENABLE_TESTABILITY = YES;
				GCC_C_LANGUAGE_STANDARD = gnu99;
				GCC_DYNAMIC_NO_PIC = NO;
				GCC_NO_COMMON_BLOCKS = YES;
				GCC_OPTIMIZATION_LEVEL = 0;
				GCC_PREPROCESSOR_DEFINITIONS = (
					"DEBUG=1",
					"$(inherited)",
				);
				GCC_WARN_64_TO_32_BIT_CONVERSION = YES;
				GCC_WARN_ABOUT_RETURN_TYPE = YES_ERROR;
				GCC_WARN_UNDECLARED_SELECTOR = YES;
				GCC_WARN_UNINITIALIZED_AUTOS = YES_AGGRESSIVE;
				GCC_WARN_UNUSED_FUNCTION = YES;
				GCC_WARN_UNUSED_VARIABLE = YES;
				IPHONEOS_DEPLOYMENT_TARGET = 9.3;
				MTL_ENABLE_DEBUG_INFO = YES;
				ONLY_ACTIVE_ARCH = YES;
				SDKROOT = iphoneos;
				SWIFT_OPTIMIZATION_LEVEL = "-Onone";
			};
			name = Debug;
		};
		E22C27A71D1713B200415ABF /* Release */ = {
			isa = XCBuildConfiguration;
			buildSettings = {
				ALWAYS_SEARCH_USER_PATHS = NO;
				CLANG_ANALYZER_NONNULL = YES;
				CLANG_CXX_LANGUAGE_STANDARD = "gnu++0x";
				CLANG_CXX_LIBRARY = "libc++";
				CLANG_ENABLE_MODULES = YES;
				CLANG_ENABLE_OBJC_ARC = YES;
				CLANG_WARN_BOOL_CONVERSION = YES;
				CLANG_WARN_CONSTANT_CONVERSION = YES;
				CLANG_WARN_DIRECT_OBJC_ISA_USAGE = YES_ERROR;
				CLANG_WARN_EMPTY_BODY = YES;
				CLANG_WARN_ENUM_CONVERSION = YES;
				CLANG_WARN_INT_CONVERSION = YES;
				CLANG_WARN_OBJC_ROOT_CLASS = YES_ERROR;
				CLANG_WARN_UNREACHABLE_CODE = YES;
				CLANG_WARN__DUPLICATE_METHOD_MATCH = YES;
				"CODE_SIGN_IDENTITY[sdk=iphoneos*]" = "iPhone Developer";
				COPY_PHASE_STRIP = NO;
				DEBUG_INFORMATION_FORMAT = "dwarf-with-dsym";
				ENABLE_NS_ASSERTIONS = NO;
				ENABLE_STRICT_OBJC_MSGSEND = YES;
				GCC_C_LANGUAGE_STANDARD = gnu99;
				GCC_NO_COMMON_BLOCKS = YES;
				GCC_WARN_64_TO_32_BIT_CONVERSION = YES;
				GCC_WARN_ABOUT_RETURN_TYPE = YES_ERROR;
				GCC_WARN_UNDECLARED_SELECTOR = YES;
				GCC_WARN_UNINITIALIZED_AUTOS = YES_AGGRESSIVE;
				GCC_WARN_UNUSED_FUNCTION = YES;
				GCC_WARN_UNUSED_VARIABLE = YES;
				IPHONEOS_DEPLOYMENT_TARGET = 9.3;
				MTL_ENABLE_DEBUG_INFO = NO;
				SDKROOT = iphoneos;
				VALIDATE_PRODUCT = YES;
			};
			name = Release;
		};
		E22C27A91D1713B200415ABF /* Debug */ = {
			isa = XCBuildConfiguration;
			buildSettings = {
				ASSETCATALOG_COMPILER_APPICON_NAME = AppIcon;
				INFOPLIST_FILE = Unit_UI_Tests_Play/Info.plist;
				LD_RUNPATH_SEARCH_PATHS = "$(inherited) @executable_path/Frameworks";
				PRODUCT_BUNDLE_IDENTIFIER = "com.Unit-UI-Tests-Play";
				PRODUCT_NAME = "$(TARGET_NAME)";
			};
			name = Debug;
		};
		E22C27AA1D1713B200415ABF /* Release */ = {
			isa = XCBuildConfiguration;
			buildSettings = {
				ASSETCATALOG_COMPILER_APPICON_NAME = AppIcon;
				INFOPLIST_FILE = Unit_UI_Tests_Play/Info.plist;
				LD_RUNPATH_SEARCH_PATHS = "$(inherited) @executable_path/Frameworks";
				PRODUCT_BUNDLE_IDENTIFIER = "com.Unit-UI-Tests-Play";
				PRODUCT_NAME = "$(TARGET_NAME)";
			};
			name = Release;
		};
		E22C27AC1D1713B200415ABF /* Debug */ = {
			isa = XCBuildConfiguration;
			buildSettings = {
				BUNDLE_LOADER = "$(TEST_HOST)";
				INFOPLIST_FILE = Unit_UI_Tests_PlayTests/Info.plist;
				LD_RUNPATH_SEARCH_PATHS = "$(inherited) @executable_path/Frameworks @loader_path/Frameworks";
				PRODUCT_BUNDLE_IDENTIFIER = "com.Unit-UI-Tests-PlayTests";
				PRODUCT_NAME = "$(TARGET_NAME)";
				TEST_HOST = "$(BUILT_PRODUCTS_DIR)/Unit_UI_Tests_Play.app/Unit_UI_Tests_Play";
			};
			name = Debug;
		};
		E22C27AD1D1713B200415ABF /* Release */ = {
			isa = XCBuildConfiguration;
			buildSettings = {
				BUNDLE_LOADER = "$(TEST_HOST)";
				INFOPLIST_FILE = Unit_UI_Tests_PlayTests/Info.plist;
				LD_RUNPATH_SEARCH_PATHS = "$(inherited) @executable_path/Frameworks @loader_path/Frameworks";
				PRODUCT_BUNDLE_IDENTIFIER = "com.Unit-UI-Tests-PlayTests";
				PRODUCT_NAME = "$(TARGET_NAME)";
				TEST_HOST = "$(BUILT_PRODUCTS_DIR)/Unit_UI_Tests_Play.app/Unit_UI_Tests_Play";
			};
			name = Release;
		};
		E22C27AF1D1713B200415ABF /* Debug */ = {
			isa = XCBuildConfiguration;
			buildSettings = {
				INFOPLIST_FILE = Unit_UI_Tests_PlayUITests/Info.plist;
				LD_RUNPATH_SEARCH_PATHS = "$(inherited) @executable_path/Frameworks @loader_path/Frameworks";
				PRODUCT_BUNDLE_IDENTIFIER = "com.Unit-UI-Tests-PlayUITests";
				PRODUCT_NAME = "$(TARGET_NAME)";
				TEST_TARGET_NAME = Unit_UI_Tests_Play;
			};
			name = Debug;
		};
		E22C27B01D1713B200415ABF /* Release */ = {
			isa = XCBuildConfiguration;
			buildSettings = {
				INFOPLIST_FILE = Unit_UI_Tests_PlayUITests/Info.plist;
				LD_RUNPATH_SEARCH_PATHS = "$(inherited) @executable_path/Frameworks @loader_path/Frameworks";
				PRODUCT_BUNDLE_IDENTIFIER = "com.Unit-UI-Tests-PlayUITests";
				PRODUCT_NAME = "$(TARGET_NAME)";
				TEST_TARGET_NAME = Unit_UI_Tests_Play;
			};
			name = Release;
		};
/* End XCBuildConfiguration section */

/* Begin XCConfigurationList section */
		E22C277B1D1713B100415ABF /* Build configuration list for PBXProject "Unit_UI_Tests_Play" */ = {
			isa = XCConfigurationList;
			buildConfigurations = (
				E22C27A61D1713B200415ABF /* Debug */,
				E22C27A71D1713B200415ABF /* Release */,
			);
			defaultConfigurationIsVisible = 0;
			defaultConfigurationName = Release;
		};
		E22C27A81D1713B200415ABF /* Build configuration list for PBXNativeTarget "Unit_UI_Tests_Play" */ = {
			isa = XCConfigurationList;
			buildConfigurations = (
				E22C27A91D1713B200415ABF /* Debug */,
				E22C27AA1D1713B200415ABF /* Release */,
			);
			defaultConfigurationIsVisible = 0;
		};
		E22C27AB1D1713B200415ABF /* Build configuration list for PBXNativeTarget "Unit_UI_Tests_PlayTests" */ = {
			isa = XCConfigurationList;
			buildConfigurations = (
				E22C27AC1D1713B200415ABF /* Debug */,
				E22C27AD1D1713B200415ABF /* Release */,
			);
			defaultConfigurationIsVisible = 0;
		};
		E22C27AE1D1713B200415ABF /* Build configuration list for PBXNativeTarget "Unit_UI_Tests_PlayUITests" */ = {
			isa = XCConfigurationList;
			buildConfigurations = (
				E22C27AF1D1713B200415ABF /* Debug */,
				E22C27B01D1713B200415ABF /* Release */,
			);
			defaultConfigurationIsVisible = 0;
		};
/* End XCConfigurationList section */
	};
	rootObject = E22C27781D1713B100415ABF /* Project object */;
}
